
Microsoft Visual Studio Solution File, Format Version 12.00
# Visual Studio Version 17
VisualStudioVersion = 17.2.32526.322
MinimumVisualStudioVersion = 10.0.40219.1
Project("{FAE04EC0-301F-11D3-BF4B-00C04F79EFBC}") = "WebApplication3", "WebApplication3\WebApplication3.csproj", "{4AC7C926-D4C0-4A2D-A5AA-E751A25CA978}"
EndProject
Global
	GlobalSection(SolutionConfigurationPlatforms) = preSolution
		Debug|Any CPU = Debug|Any CPU
		Release|Any CPU = Release|Any CPU
	EndGlobalSection
	GlobalSection(ProjectConfigurationPlatforms) = postSolution
		{4AC7C926-D4C0-4A2D-A5AA-E751A25CA978}.Debug|Any CPU.ActiveCfg = Debug|Any CPU
		{4AC7C926-D4C0-4A2D-A5AA-E751A25CA978}.Debug|Any CPU.Build.0 = Debug|Any CPU
		{4AC7C926-D4C0-4A2D-A5AA-E751A25CA978}.Release|Any CPU.ActiveCfg = Release|Any CPU
		{4AC7C926-D4C0-4A2D-A5AA-E751A25CA978}.Release|Any CPU.Build.0 = Release|Any CPU
	EndGlobalSection
	GlobalSection(SolutionProperties) = preSolution
		HideSolutionNode = FALSE
	EndGlobalSection
	GlobalSection(ExtensibilityGlobals) = postSolution
		SolutionGuid = {45DEF17B-645D-416A-823D-76A2FE41A3CD}
	EndGlobalSection
EndGlobal
